
Microsoft Visual Studio Solution File, Format Version 12.00
# Visual Studio Version 17
VisualStudioVersion = 17.1.32328.378
MinimumVisualStudioVersion = 10.0.40219.1
Project("{FAE04EC0-301F-11D3-BF4B-00C04F79EFBC}") = "typecasting", "typecasting\typecasting.csproj", "{720E37E3-512B-4921-9CA5-10A61894E608}"
EndProject
Global
	GlobalSection(SolutionConfigurationPlatforms) = preSolution
		Debug|Any CPU = Debug|Any CPU
		Release|Any CPU = Release|Any CPU
	EndGlobalSection
	GlobalSection(ProjectConfigurationPlatforms) = postSolution
		{720E37E3-512B-4921-9CA5-10A61894E608}.Debug|Any CPU.ActiveCfg = Debug|Any CPU
		{720E37E3-512B-4921-9CA5-10A61894E608}.Debug|Any CPU.Build.0 = Debug|Any CPU
		{720E37E3-512B-4921-9CA5-10A61894E608}.Release|Any CPU.ActiveCfg = Release|Any CPU
		{720E37E3-512B-4921-9CA5-10A61894E608}.Release|Any CPU.Build.0 = Release|Any CPU
	EndGlobalSection
	GlobalSection(SolutionProperties) = preSolution
		HideSolutionNode = FALSE
	EndGlobalSection
	GlobalSection(ExtensibilityGlobals) = postSolution
		SolutionGuid = {F05A14D0-66AA-4E6F-8320-8E94CF86E592}
	EndGlobalSection
EndGlobal
